// !$*UTF8*$!
{
	archiveVersion = 1;
	classes = {
	};
	objectVersion = 46;
	objects = {

/* Begin PBXBuildFile section */
		C26E8D3E1B80729D00BFCF6C /* PasscodeNSUserDefaultsRepository.swift in Sources */ = {isa = PBXBuildFile; fileRef = C26E8D3D1B80729D00BFCF6C /* PasscodeNSUserDefaultsRepository.swift */; };
		C26E8D401B8074C200BFCF6C /* PasscodeNSUserDefaultsRepositoryTests.swift in Sources */ = {isa = PBXBuildFile; fileRef = C26E8D3F1B8074C200BFCF6C /* PasscodeNSUserDefaultsRepositoryTests.swift */; };
		C26E8D411B80750A00BFCF6C /* PasscodeNSUserDefaultsRepository.swift in Sources */ = {isa = PBXBuildFile; fileRef = C26E8D3D1B80729D00BFCF6C /* PasscodeNSUserDefaultsRepository.swift */; };
		D91528CB1A1932E5009A15B1 /* AppDelegate.swift in Sources */ = {isa = PBXBuildFile; fileRef = D91528CA1A1932E5009A15B1 /* AppDelegate.swift */; };
		D91528D01A1932E5009A15B1 /* Main.storyboard in Resources */ = {isa = PBXBuildFile; fileRef = D91528CE1A1932E5009A15B1 /* Main.storyboard */; };
		D91528D21A1932E5009A15B1 /* Images.xcassets in Resources */ = {isa = PBXBuildFile; fileRef = D91528D11A1932E5009A15B1 /* Images.xcassets */; };
		D91528D51A1932E5009A15B1 /* LaunchScreen.xib in Resources */ = {isa = PBXBuildFile; fileRef = D91528D31A1932E5009A15B1 /* LaunchScreen.xib */; };
		D92E34071A2714D5005DBAA0 /* GenericPasscodeLockTests.swift in Sources */ = {isa = PBXBuildFile; fileRef = D92E34061A2714D5005DBAA0 /* GenericPasscodeLockTests.swift */; };
		D92E340B1A272F70005DBAA0 /* EnterPasscodeStateTests.swift in Sources */ = {isa = PBXBuildFile; fileRef = D92E340A1A272F70005DBAA0 /* EnterPasscodeStateTests.swift */; };
		D92E340D1A274117005DBAA0 /* PasscodeKeychainRepositoryTests.swift in Sources */ = {isa = PBXBuildFile; fileRef = D92E340C1A274117005DBAA0 /* PasscodeKeychainRepositoryTests.swift */; };
		D92E34151A284194005DBAA0 /* SetPasscodeStateTests.swift in Sources */ = {isa = PBXBuildFile; fileRef = D92E34141A284194005DBAA0 /* SetPasscodeStateTests.swift */; };
		D92E34171A284C6C005DBAA0 /* ConfirmPasscodeStateTests.swift in Sources */ = {isa = PBXBuildFile; fileRef = D92E34161A284C6C005DBAA0 /* ConfirmPasscodeStateTests.swift */; };
		D92E34191A2850FD005DBAA0 /* ChangePasscodeStateTests.swift in Sources */ = {isa = PBXBuildFile; fileRef = D92E34181A2850FD005DBAA0 /* ChangePasscodeStateTests.swift */; };
		D92E341B1A2852B2005DBAA0 /* PasscodesMismatchStateTests.swift in Sources */ = {isa = PBXBuildFile; fileRef = D92E341A1A2852B2005DBAA0 /* PasscodesMismatchStateTests.swift */; };
		D9319A5B1A1B1B7B009D2569 /* PasscodeLock.strings in Resources */ = {isa = PBXBuildFile; fileRef = D9319A591A1B1B7B009D2569 /* PasscodeLock.strings */; };
		D9319A5C1A1B1B7B009D2569 /* PasscodeLock.strings in Resources */ = {isa = PBXBuildFile; fileRef = D9319A591A1B1B7B009D2569 /* PasscodeLock.strings */; };
		D9319A701A1B3B96009D2569 /* ArchiveKey.swift in Sources */ = {isa = PBXBuildFile; fileRef = D9319A6A1A1B3B96009D2569 /* ArchiveKey.swift */; };
		D9319A711A1B3B96009D2569 /* ArchiveKey.swift in Sources */ = {isa = PBXBuildFile; fileRef = D9319A6A1A1B3B96009D2569 /* ArchiveKey.swift */; };
		D9319A721A1B3B96009D2569 /* GenericKey.swift in Sources */ = {isa = PBXBuildFile; fileRef = D9319A6B1A1B3B96009D2569 /* GenericKey.swift */; };
		D9319A731A1B3B96009D2569 /* GenericKey.swift in Sources */ = {isa = PBXBuildFile; fileRef = D9319A6B1A1B3B96009D2569 /* GenericKey.swift */; };
		D9319A741A1B3B96009D2569 /* Keychain.swift in Sources */ = {isa = PBXBuildFile; fileRef = D9319A6C1A1B3B96009D2569 /* Keychain.swift */; };
		D9319A751A1B3B96009D2569 /* Keychain.swift in Sources */ = {isa = PBXBuildFile; fileRef = D9319A6C1A1B3B96009D2569 /* Keychain.swift */; };
		D9319A761A1B3B96009D2569 /* KeychainItem.swift in Sources */ = {isa = PBXBuildFile; fileRef = D9319A6D1A1B3B96009D2569 /* KeychainItem.swift */; };
		D9319A771A1B3B96009D2569 /* KeychainItem.swift in Sources */ = {isa = PBXBuildFile; fileRef = D9319A6D1A1B3B96009D2569 /* KeychainItem.swift */; };
		D9319A781A1B3B96009D2569 /* KeychainQuery.swift in Sources */ = {isa = PBXBuildFile; fileRef = D9319A6E1A1B3B96009D2569 /* KeychainQuery.swift */; };
		D9319A791A1B3B96009D2569 /* KeychainQuery.swift in Sources */ = {isa = PBXBuildFile; fileRef = D9319A6E1A1B3B96009D2569 /* KeychainQuery.swift */; };
		D9319A7A1A1B3B96009D2569 /* KeychainService.swift in Sources */ = {isa = PBXBuildFile; fileRef = D9319A6F1A1B3B96009D2569 /* KeychainService.swift */; };
		D9319A7B1A1B3B96009D2569 /* KeychainService.swift in Sources */ = {isa = PBXBuildFile; fileRef = D9319A6F1A1B3B96009D2569 /* KeychainService.swift */; };
		D9319A7D1A1B3BAA009D2569 /* Security.framework in Frameworks */ = {isa = PBXBuildFile; fileRef = D9319A7C1A1B3BAA009D2569 /* Security.framework */; };
		D9319A7F1A1B3BB2009D2569 /* LocalAuthentication.framework in Frameworks */ = {isa = PBXBuildFile; fileRef = D9319A7E1A1B3BB2009D2569 /* LocalAuthentication.framework */; };
		D9FFD0A71A2855600043C82E /* ChangePasscodeState.swift in Sources */ = {isa = PBXBuildFile; fileRef = D9FFD0A21A2855600043C82E /* ChangePasscodeState.swift */; };
		D9FFD0A81A2855600043C82E /* ChangePasscodeState.swift in Sources */ = {isa = PBXBuildFile; fileRef = D9FFD0A21A2855600043C82E /* ChangePasscodeState.swift */; };
		D9FFD0A91A2855600043C82E /* ConfirmPasscodeState.swift in Sources */ = {isa = PBXBuildFile; fileRef = D9FFD0A31A2855600043C82E /* ConfirmPasscodeState.swift */; };
		D9FFD0AA1A2855600043C82E /* ConfirmPasscodeState.swift in Sources */ = {isa = PBXBuildFile; fileRef = D9FFD0A31A2855600043C82E /* ConfirmPasscodeState.swift */; };
		D9FFD0AB1A2855600043C82E /* EnterPasscodeState.swift in Sources */ = {isa = PBXBuildFile; fileRef = D9FFD0A41A2855600043C82E /* EnterPasscodeState.swift */; };
		D9FFD0AC1A2855600043C82E /* EnterPasscodeState.swift in Sources */ = {isa = PBXBuildFile; fileRef = D9FFD0A41A2855600043C82E /* EnterPasscodeState.swift */; };
		D9FFD0AD1A2855600043C82E /* PasscodesMismatchState.swift in Sources */ = {isa = PBXBuildFile; fileRef = D9FFD0A51A2855600043C82E /* PasscodesMismatchState.swift */; };
		D9FFD0AE1A2855600043C82E /* PasscodesMismatchState.swift in Sources */ = {isa = PBXBuildFile; fileRef = D9FFD0A51A2855600043C82E /* PasscodesMismatchState.swift */; };
		D9FFD0AF1A2855600043C82E /* SetPasscodeState.swift in Sources */ = {isa = PBXBuildFile; fileRef = D9FFD0A61A2855600043C82E /* SetPasscodeState.swift */; };
		D9FFD0B01A2855600043C82E /* SetPasscodeState.swift in Sources */ = {isa = PBXBuildFile; fileRef = D9FFD0A61A2855600043C82E /* SetPasscodeState.swift */; };
		D9FFD0B41A28556F0043C82E /* GenericPasscodeLock.swift in Sources */ = {isa = PBXBuildFile; fileRef = D9FFD0B11A28556F0043C82E /* GenericPasscodeLock.swift */; };
		D9FFD0B51A28556F0043C82E /* GenericPasscodeLock.swift in Sources */ = {isa = PBXBuildFile; fileRef = D9FFD0B11A28556F0043C82E /* GenericPasscodeLock.swift */; };
		D9FFD0B61A28556F0043C82E /* PasscodeLock.swift in Sources */ = {isa = PBXBuildFile; fileRef = D9FFD0B21A28556F0043C82E /* PasscodeLock.swift */; };
		D9FFD0B71A28556F0043C82E /* PasscodeLock.swift in Sources */ = {isa = PBXBuildFile; fileRef = D9FFD0B21A28556F0043C82E /* PasscodeLock.swift */; };
		D9FFD0B81A28556F0043C82E /* PasscodeLockPresenter.swift in Sources */ = {isa = PBXBuildFile; fileRef = D9FFD0B31A28556F0043C82E /* PasscodeLockPresenter.swift */; };
		D9FFD0B91A28556F0043C82E /* PasscodeLockPresenter.swift in Sources */ = {isa = PBXBuildFile; fileRef = D9FFD0B31A28556F0043C82E /* PasscodeLockPresenter.swift */; };
		D9FFD0BB1A28557F0043C82E /* PasscodeKeychainRepository.swift in Sources */ = {isa = PBXBuildFile; fileRef = D9FFD0BA1A28557F0043C82E /* PasscodeKeychainRepository.swift */; };
		D9FFD0BC1A28557F0043C82E /* PasscodeKeychainRepository.swift in Sources */ = {isa = PBXBuildFile; fileRef = D9FFD0BA1A28557F0043C82E /* PasscodeKeychainRepository.swift */; };
		D9FFD0BF1A28558B0043C82E /* PasscodeViewController.swift in Sources */ = {isa = PBXBuildFile; fileRef = D9FFD0BD1A28558B0043C82E /* PasscodeViewController.swift */; };
		D9FFD0C11A28558B0043C82E /* ViewController.swift in Sources */ = {isa = PBXBuildFile; fileRef = D9FFD0BE1A28558B0043C82E /* ViewController.swift */; };
		D9FFD0C71A28559B0043C82E /* LockSplashView.swift in Sources */ = {isa = PBXBuildFile; fileRef = D9FFD0C31A28559B0043C82E /* LockSplashView.swift */; };
		D9FFD0C91A28559B0043C82E /* PasscodeButton.swift in Sources */ = {isa = PBXBuildFile; fileRef = D9FFD0C41A28559B0043C82E /* PasscodeButton.swift */; };
		D9FFD0CB1A28559B0043C82E /* PasscodePlaceholderView.swift in Sources */ = {isa = PBXBuildFile; fileRef = D9FFD0C51A28559B0043C82E /* PasscodePlaceholderView.swift */; };
		D9FFD0CD1A28559B0043C82E /* PasscodeView.xib in Resources */ = {isa = PBXBuildFile; fileRef = D9FFD0C61A28559B0043C82E /* PasscodeView.xib */; };
		D9FFD0CE1A28559B0043C82E /* PasscodeView.xib in Resources */ = {isa = PBXBuildFile; fileRef = D9FFD0C61A28559B0043C82E /* PasscodeView.xib */; };
/* End PBXBuildFile section */

/* Begin PBXContainerItemProxy section */
		D91528DB1A1932E5009A15B1 /* PBXContainerItemProxy */ = {
			isa = PBXContainerItemProxy;
			containerPortal = D91528BD1A1932E5009A15B1 /* Project object */;
			proxyType = 1;
			remoteGlobalIDString = D91528C41A1932E5009A15B1;
			remoteInfo = SwiftPasscodeLock;
		};
/* End PBXContainerItemProxy section */

/* Begin PBXFileReference section */
		C26E8D3D1B80729D00BFCF6C /* PasscodeNSUserDefaultsRepository.swift */ = {isa = PBXFileReference; fileEncoding = 4; lastKnownFileType = sourcecode.swift; name = PasscodeNSUserDefaultsRepository.swift; path = Models/PasscodeNSUserDefaultsRepository.swift; sourceTree = "<group>"; };
		C26E8D3F1B8074C200BFCF6C /* PasscodeNSUserDefaultsRepositoryTests.swift */ = {isa = PBXFileReference; fileEncoding = 4; lastKnownFileType = sourcecode.swift; path = PasscodeNSUserDefaultsRepositoryTests.swift; sourceTree = "<group>"; };
		D91528C51A1932E5009A15B1 /* SwiftPasscodeLock.app */ = {isa = PBXFileReference; explicitFileType = wrapper.application; includeInIndex = 0; path = SwiftPasscodeLock.app; sourceTree = BUILT_PRODUCTS_DIR; };
		D91528C91A1932E5009A15B1 /* Info.plist */ = {isa = PBXFileReference; lastKnownFileType = text.plist.xml; path = Info.plist; sourceTree = "<group>"; };
		D91528CA1A1932E5009A15B1 /* AppDelegate.swift */ = {isa = PBXFileReference; lastKnownFileType = sourcecode.swift; path = AppDelegate.swift; sourceTree = "<group>"; };
		D91528CF1A1932E5009A15B1 /* Base */ = {isa = PBXFileReference; lastKnownFileType = file.storyboard; name = Base; path = Base.lproj/Main.storyboard; sourceTree = "<group>"; };
		D91528D11A1932E5009A15B1 /* Images.xcassets */ = {isa = PBXFileReference; lastKnownFileType = folder.assetcatalog; path = Images.xcassets; sourceTree = "<group>"; };
		D91528D41A1932E5009A15B1 /* Base */ = {isa = PBXFileReference; lastKnownFileType = file.xib; name = Base; path = Base.lproj/LaunchScreen.xib; sourceTree = "<group>"; };
		D91528DA1A1932E5009A15B1 /* SwiftPasscodeLockTests.xctest */ = {isa = PBXFileReference; explicitFileType = wrapper.cfbundle; includeInIndex = 0; path = SwiftPasscodeLockTests.xctest; sourceTree = BUILT_PRODUCTS_DIR; };
		D91528DF1A1932E5009A15B1 /* Info.plist */ = {isa = PBXFileReference; lastKnownFileType = text.plist.xml; path = Info.plist; sourceTree = "<group>"; };
		D92E34061A2714D5005DBAA0 /* GenericPasscodeLockTests.swift */ = {isa = PBXFileReference; fileEncoding = 4; lastKnownFileType = sourcecode.swift; path = GenericPasscodeLockTests.swift; sourceTree = "<group>"; };
		D92E340A1A272F70005DBAA0 /* EnterPasscodeStateTests.swift */ = {isa = PBXFileReference; fileEncoding = 4; lastKnownFileType = sourcecode.swift; path = EnterPasscodeStateTests.swift; sourceTree = "<group>"; };
		D92E340C1A274117005DBAA0 /* PasscodeKeychainRepositoryTests.swift */ = {isa = PBXFileReference; fileEncoding = 4; lastKnownFileType = sourcecode.swift; path = PasscodeKeychainRepositoryTests.swift; sourceTree = "<group>"; };
		D92E34141A284194005DBAA0 /* SetPasscodeStateTests.swift */ = {isa = PBXFileReference; fileEncoding = 4; lastKnownFileType = sourcecode.swift; path = SetPasscodeStateTests.swift; sourceTree = "<group>"; };
		D92E34161A284C6C005DBAA0 /* ConfirmPasscodeStateTests.swift */ = {isa = PBXFileReference; fileEncoding = 4; lastKnownFileType = sourcecode.swift; path = ConfirmPasscodeStateTests.swift; sourceTree = "<group>"; };
		D92E34181A2850FD005DBAA0 /* ChangePasscodeStateTests.swift */ = {isa = PBXFileReference; fileEncoding = 4; lastKnownFileType = sourcecode.swift; path = ChangePasscodeStateTests.swift; sourceTree = "<group>"; };
		D92E341A1A2852B2005DBAA0 /* PasscodesMismatchStateTests.swift */ = {isa = PBXFileReference; fileEncoding = 4; lastKnownFileType = sourcecode.swift; path = PasscodesMismatchStateTests.swift; sourceTree = "<group>"; };
		D9319A5A1A1B1B7B009D2569 /* en */ = {isa = PBXFileReference; lastKnownFileType = text.plist.strings; name = en; path = PasscodeLock.strings; sourceTree = "<group>"; };
		D9319A6A1A1B3B96009D2569 /* ArchiveKey.swift */ = {isa = PBXFileReference; fileEncoding = 4; lastKnownFileType = sourcecode.swift; path = ArchiveKey.swift; sourceTree = "<group>"; };
		D9319A6B1A1B3B96009D2569 /* GenericKey.swift */ = {isa = PBXFileReference; fileEncoding = 4; lastKnownFileType = sourcecode.swift; path = GenericKey.swift; sourceTree = "<group>"; };
		D9319A6C1A1B3B96009D2569 /* Keychain.swift */ = {isa = PBXFileReference; fileEncoding = 4; lastKnownFileType = sourcecode.swift; path = Keychain.swift; sourceTree = "<group>"; };
		D9319A6D1A1B3B96009D2569 /* KeychainItem.swift */ = {isa = PBXFileReference; fileEncoding = 4; lastKnownFileType = sourcecode.swift; path = KeychainItem.swift; sourceTree = "<group>"; };
		D9319A6E1A1B3B96009D2569 /* KeychainQuery.swift */ = {isa = PBXFileReference; fileEncoding = 4; lastKnownFileType = sourcecode.swift; path = KeychainQuery.swift; sourceTree = "<group>"; };
		D9319A6F1A1B3B96009D2569 /* KeychainService.swift */ = {isa = PBXFileReference; fileEncoding = 4; lastKnownFileType = sourcecode.swift; path = KeychainService.swift; sourceTree = "<group>"; };
		D9319A7C1A1B3BAA009D2569 /* Security.framework */ = {isa = PBXFileReference; lastKnownFileType = wrapper.framework; name = Security.framework; path = System/Library/Frameworks/Security.framework; sourceTree = SDKROOT; };
		D9319A7E1A1B3BB2009D2569 /* LocalAuthentication.framework */ = {isa = PBXFileReference; lastKnownFileType = wrapper.framework; name = LocalAuthentication.framework; path = System/Library/Frameworks/LocalAuthentication.framework; sourceTree = SDKROOT; };
		D9FFD0A21A2855600043C82E /* ChangePasscodeState.swift */ = {isa = PBXFileReference; fileEncoding = 4; lastKnownFileType = sourcecode.swift; name = ChangePasscodeState.swift; path = PasscodeLock/PasscodeLockStates/ChangePasscodeState.swift; sourceTree = "<group>"; };
		D9FFD0A31A2855600043C82E /* ConfirmPasscodeState.swift */ = {isa = PBXFileReference; fileEncoding = 4; lastKnownFileType = sourcecode.swift; name = ConfirmPasscodeState.swift; path = PasscodeLock/PasscodeLockStates/ConfirmPasscodeState.swift; sourceTree = "<group>"; };
		D9FFD0A41A2855600043C82E /* EnterPasscodeState.swift */ = {isa = PBXFileReference; fileEncoding = 4; lastKnownFileType = sourcecode.swift; name = EnterPasscodeState.swift; path = PasscodeLock/PasscodeLockStates/EnterPasscodeState.swift; sourceTree = "<group>"; };
		D9FFD0A51A2855600043C82E /* PasscodesMismatchState.swift */ = {isa = PBXFileReference; fileEncoding = 4; lastKnownFileType = sourcecode.swift; name = PasscodesMismatchState.swift; path = PasscodeLock/PasscodeLockStates/PasscodesMismatchState.swift; sourceTree = "<group>"; };
		D9FFD0A61A2855600043C82E /* SetPasscodeState.swift */ = {isa = PBXFileReference; fileEncoding = 4; lastKnownFileType = sourcecode.swift; name = SetPasscodeState.swift; path = PasscodeLock/PasscodeLockStates/SetPasscodeState.swift; sourceTree = "<group>"; };
		D9FFD0B11A28556F0043C82E /* GenericPasscodeLock.swift */ = {isa = PBXFileReference; fileEncoding = 4; lastKnownFileType = sourcecode.swift; name = GenericPasscodeLock.swift; path = PasscodeLock/GenericPasscodeLock.swift; sourceTree = "<group>"; };
		D9FFD0B21A28556F0043C82E /* PasscodeLock.swift */ = {isa = PBXFileReference; fileEncoding = 4; lastKnownFileType = sourcecode.swift; name = PasscodeLock.swift; path = PasscodeLock/PasscodeLock.swift; sourceTree = "<group>"; };
		D9FFD0B31A28556F0043C82E /* PasscodeLockPresenter.swift */ = {isa = PBXFileReference; fileEncoding = 4; lastKnownFileType = sourcecode.swift; name = PasscodeLockPresenter.swift; path = PasscodeLock/PasscodeLockPresenter.swift; sourceTree = "<group>"; };
		D9FFD0BA1A28557F0043C82E /* PasscodeKeychainRepository.swift */ = {isa = PBXFileReference; fileEncoding = 4; lastKnownFileType = sourcecode.swift; name = PasscodeKeychainRepository.swift; path = Models/PasscodeKeychainRepository.swift; sourceTree = "<group>"; };
		D9FFD0BD1A28558B0043C82E /* PasscodeViewController.swift */ = {isa = PBXFileReference; fileEncoding = 4; lastKnownFileType = sourcecode.swift; name = PasscodeViewController.swift; path = ViewControllers/PasscodeViewController.swift; sourceTree = "<group>"; };
		D9FFD0BE1A28558B0043C82E /* ViewController.swift */ = {isa = PBXFileReference; fileEncoding = 4; lastKnownFileType = sourcecode.swift; name = ViewController.swift; path = ViewControllers/ViewController.swift; sourceTree = "<group>"; };
		D9FFD0C31A28559B0043C82E /* LockSplashView.swift */ = {isa = PBXFileReference; fileEncoding = 4; lastKnownFileType = sourcecode.swift; name = LockSplashView.swift; path = Views/LockSplashView.swift; sourceTree = "<group>"; };
		D9FFD0C41A28559B0043C82E /* PasscodeButton.swift */ = {isa = PBXFileReference; fileEncoding = 4; lastKnownFileType = sourcecode.swift; name = PasscodeButton.swift; path = Views/PasscodeButton.swift; sourceTree = "<group>"; };
		D9FFD0C51A28559B0043C82E /* PasscodePlaceholderView.swift */ = {isa = PBXFileReference; fileEncoding = 4; lastKnownFileType = sourcecode.swift; name = PasscodePlaceholderView.swift; path = Views/PasscodePlaceholderView.swift; sourceTree = "<group>"; };
		D9FFD0C61A28559B0043C82E /* PasscodeView.xib */ = {isa = PBXFileReference; fileEncoding = 4; lastKnownFileType = file.xib; name = PasscodeView.xib; path = Views/PasscodeView.xib; sourceTree = "<group>"; };
/* End PBXFileReference section */

/* Begin PBXFrameworksBuildPhase section */
		D91528C21A1932E5009A15B1 /* Frameworks */ = {
			isa = PBXFrameworksBuildPhase;
			buildActionMask = 2147483647;
			files = (
				D9319A7F1A1B3BB2009D2569 /* LocalAuthentication.framework in Frameworks */,
				D9319A7D1A1B3BAA009D2569 /* Security.framework in Frameworks */,
			);
			runOnlyForDeploymentPostprocessing = 0;
		};
		D91528D71A1932E5009A15B1 /* Frameworks */ = {
			isa = PBXFrameworksBuildPhase;
			buildActionMask = 2147483647;
			files = (
			);
			runOnlyForDeploymentPostprocessing = 0;
		};
/* End PBXFrameworksBuildPhase section */

/* Begin PBXGroup section */
		D91528BC1A1932E5009A15B1 = {
			isa = PBXGroup;
			children = (
				D91528C71A1932E5009A15B1 /* SwiftPasscodeLock */,
				D91528DD1A1932E5009A15B1 /* SwiftPasscodeLockTests */,
				D91528C61A1932E5009A15B1 /* Products */,
			);
			sourceTree = "<group>";
		};
		D91528C61A1932E5009A15B1 /* Products */ = {
			isa = PBXGroup;
			children = (
				D91528C51A1932E5009A15B1 /* SwiftPasscodeLock.app */,
				D91528DA1A1932E5009A15B1 /* SwiftPasscodeLockTests.xctest */,
			);
			name = Products;
			sourceTree = "<group>";
		};
		D91528C71A1932E5009A15B1 /* SwiftPasscodeLock */ = {
			isa = PBXGroup;
			children = (
				D9319A691A1B3B96009D2569 /* Keychain */,
				D91528EA1A193464009A15B1 /* PasscodeLock */,
				D91528FC1A193C80009A15B1 /* Models */,
				D91528EC1A193489009A15B1 /* ViewControllers */,
				D91528ED1A193494009A15B1 /* Views */,
				D91528CA1A1932E5009A15B1 /* AppDelegate.swift */,
				D91528CE1A1932E5009A15B1 /* Main.storyboard */,
				D91528D11A1932E5009A15B1 /* Images.xcassets */,
				D91528C81A1932E5009A15B1 /* Supporting Files */,
			);
			path = SwiftPasscodeLock;
			sourceTree = "<group>";
		};
		D91528C81A1932E5009A15B1 /* Supporting Files */ = {
			isa = PBXGroup;
			children = (
				D9319A801A1B3BB8009D2569 /* Frameworks */,
				D9319A581A1B1B58009D2569 /* en.lproj */,
				D91528D31A1932E5009A15B1 /* LaunchScreen.xib */,
				D91528C91A1932E5009A15B1 /* Info.plist */,
			);
			name = "Supporting Files";
			sourceTree = "<group>";
		};
		D91528DD1A1932E5009A15B1 /* SwiftPasscodeLockTests */ = {
			isa = PBXGroup;
			children = (
				D92E34051A2714AC005DBAA0 /* PasscodeLock */,
				D92E34091A272A7D005DBAA0 /* Models */,
				D91528DE1A1932E5009A15B1 /* Supporting Files */,
			);
			path = SwiftPasscodeLockTests;
			sourceTree = "<group>";
		};
		D91528DE1A1932E5009A15B1 /* Supporting Files */ = {
			isa = PBXGroup;
			children = (
				D91528DF1A1932E5009A15B1 /* Info.plist */,
			);
			name = "Supporting Files";
			sourceTree = "<group>";
		};
		D91528EA1A193464009A15B1 /* PasscodeLock */ = {
			isa = PBXGroup;
			children = (
				D91528F81A193704009A15B1 /* PasscodeLockStates */,
				D9FFD0B21A28556F0043C82E /* PasscodeLock.swift */,
				D9FFD0B31A28556F0043C82E /* PasscodeLockPresenter.swift */,
				D9FFD0B11A28556F0043C82E /* GenericPasscodeLock.swift */,
			);
			name = PasscodeLock;
			sourceTree = "<group>";
		};
		D91528EC1A193489009A15B1 /* ViewControllers */ = {
			isa = PBXGroup;
			children = (
				D9FFD0BD1A28558B0043C82E /* PasscodeViewController.swift */,
				D9FFD0BE1A28558B0043C82E /* ViewController.swift */,
			);
			name = ViewControllers;
			sourceTree = "<group>";
		};
		D91528ED1A193494009A15B1 /* Views */ = {
			isa = PBXGroup;
			children = (
				D9FFD0C31A28559B0043C82E /* LockSplashView.swift */,
				D9FFD0C41A28559B0043C82E /* PasscodeButton.swift */,
				D9FFD0C51A28559B0043C82E /* PasscodePlaceholderView.swift */,
				D9FFD0C61A28559B0043C82E /* PasscodeView.xib */,
			);
			name = Views;
			sourceTree = "<group>";
		};
		D91528F81A193704009A15B1 /* PasscodeLockStates */ = {
			isa = PBXGroup;
			children = (
				D9FFD0A41A2855600043C82E /* EnterPasscodeState.swift */,
				D9FFD0A61A2855600043C82E /* SetPasscodeState.swift */,
				D9FFD0A31A2855600043C82E /* ConfirmPasscodeState.swift */,
				D9FFD0A21A2855600043C82E /* ChangePasscodeState.swift */,
				D9FFD0A51A2855600043C82E /* PasscodesMismatchState.swift */,
			);
			name = PasscodeLockStates;
			sourceTree = "<group>";
		};
		D91528FC1A193C80009A15B1 /* Models */ = {
			isa = PBXGroup;
			children = (
				D9FFD0BA1A28557F0043C82E /* PasscodeKeychainRepository.swift */,
				C26E8D3D1B80729D00BFCF6C /* PasscodeNSUserDefaultsRepository.swift */,
			);
			name = Models;
			sourceTree = "<group>";
		};
		D92E34051A2714AC005DBAA0 /* PasscodeLock */ = {
			isa = PBXGroup;
			children = (
				D92E34081A272A5B005DBAA0 /* PasscodeLockStates */,
				D92E34061A2714D5005DBAA0 /* GenericPasscodeLockTests.swift */,
			);
			name = PasscodeLock;
			sourceTree = "<group>";
		};
		D92E34081A272A5B005DBAA0 /* PasscodeLockStates */ = {
			isa = PBXGroup;
			children = (
				D92E340A1A272F70005DBAA0 /* EnterPasscodeStateTests.swift */,
				D92E34141A284194005DBAA0 /* SetPasscodeStateTests.swift */,
				D92E34161A284C6C005DBAA0 /* ConfirmPasscodeStateTests.swift */,
				D92E34181A2850FD005DBAA0 /* ChangePasscodeStateTests.swift */,
				D92E341A1A2852B2005DBAA0 /* PasscodesMismatchStateTests.swift */,
			);
			name = PasscodeLockStates;
			sourceTree = "<group>";
		};
		D92E34091A272A7D005DBAA0 /* Models */ = {
			isa = PBXGroup;
			children = (
				D92E340C1A274117005DBAA0 /* PasscodeKeychainRepositoryTests.swift */,
				C26E8D3F1B8074C200BFCF6C /* PasscodeNSUserDefaultsRepositoryTests.swift */,
			);
			name = Models;
			sourceTree = "<group>";
		};
		D9319A581A1B1B58009D2569 /* en.lproj */ = {
			isa = PBXGroup;
			children = (
				D9319A591A1B1B7B009D2569 /* PasscodeLock.strings */,
			);
			path = en.lproj;
			sourceTree = "<group>";
		};
		D9319A691A1B3B96009D2569 /* Keychain */ = {
			isa = PBXGroup;
			children = (
				D9319A6A1A1B3B96009D2569 /* ArchiveKey.swift */,
				D9319A6B1A1B3B96009D2569 /* GenericKey.swift */,
				D9319A6C1A1B3B96009D2569 /* Keychain.swift */,
				D9319A6D1A1B3B96009D2569 /* KeychainItem.swift */,
				D9319A6E1A1B3B96009D2569 /* KeychainQuery.swift */,
				D9319A6F1A1B3B96009D2569 /* KeychainService.swift */,
			);
			path = Keychain;
			sourceTree = "<group>";
		};
		D9319A801A1B3BB8009D2569 /* Frameworks */ = {
			isa = PBXGroup;
			children = (
				D9319A7E1A1B3BB2009D2569 /* LocalAuthentication.framework */,
				D9319A7C1A1B3BAA009D2569 /* Security.framework */,
			);
			name = Frameworks;
			sourceTree = "<group>";
		};
/* End PBXGroup section */

/* Begin PBXNativeTarget section */
		D91528C41A1932E5009A15B1 /* SwiftPasscodeLock */ = {
			isa = PBXNativeTarget;
			buildConfigurationList = D91528E41A1932E5009A15B1 /* Build configuration list for PBXNativeTarget "SwiftPasscodeLock" */;
			buildPhases = (
				D91528C11A1932E5009A15B1 /* Sources */,
				D91528C21A1932E5009A15B1 /* Frameworks */,
				D91528C31A1932E5009A15B1 /* Resources */,
			);
			buildRules = (
			);
			dependencies = (
			);
			name = SwiftPasscodeLock;
			productName = SwiftPasscodeLock;
			productReference = D91528C51A1932E5009A15B1 /* SwiftPasscodeLock.app */;
			productType = "com.apple.product-type.application";
		};
		D91528D91A1932E5009A15B1 /* SwiftPasscodeLockTests */ = {
			isa = PBXNativeTarget;
			buildConfigurationList = D91528E71A1932E5009A15B1 /* Build configuration list for PBXNativeTarget "SwiftPasscodeLockTests" */;
			buildPhases = (
				D91528D61A1932E5009A15B1 /* Sources */,
				D91528D71A1932E5009A15B1 /* Frameworks */,
				D91528D81A1932E5009A15B1 /* Resources */,
			);
			buildRules = (
			);
			dependencies = (
				D91528DC1A1932E5009A15B1 /* PBXTargetDependency */,
			);
			name = SwiftPasscodeLockTests;
			productName = SwiftPasscodeLockTests;
			productReference = D91528DA1A1932E5009A15B1 /* SwiftPasscodeLockTests.xctest */;
			productType = "com.apple.product-type.bundle.unit-test";
		};
/* End PBXNativeTarget section */

/* Begin PBXProject section */
		D91528BD1A1932E5009A15B1 /* Project object */ = {
			isa = PBXProject;
			attributes = {
				LastUpgradeCheck = 0610;
				ORGANIZATIONNAME = "Yanko Dimitrov";
				TargetAttributes = {
					D91528C41A1932E5009A15B1 = {
						CreatedOnToolsVersion = 6.1;
						DevelopmentTeam = BLBG8Y52YR;
					};
					D91528D91A1932E5009A15B1 = {
						CreatedOnToolsVersion = 6.1;
						TestTargetID = D91528C41A1932E5009A15B1;
					};
				};
			};
			buildConfigurationList = D91528C01A1932E5009A15B1 /* Build configuration list for PBXProject "SwiftPasscodeLock" */;
			compatibilityVersion = "Xcode 3.2";
			developmentRegion = English;
			hasScannedForEncodings = 0;
			knownRegions = (
				en,
				Base,
			);
			mainGroup = D91528BC1A1932E5009A15B1;
			productRefGroup = D91528C61A1932E5009A15B1 /* Products */;
			projectDirPath = "";
			projectRoot = "";
			targets = (
				D91528C41A1932E5009A15B1 /* SwiftPasscodeLock */,
				D91528D91A1932E5009A15B1 /* SwiftPasscodeLockTests */,
			);
		};
/* End PBXProject section */

/* Begin PBXResourcesBuildPhase section */
		D91528C31A1932E5009A15B1 /* Resources */ = {
			isa = PBXResourcesBuildPhase;
			buildActionMask = 2147483647;
			files = (
				D9FFD0CD1A28559B0043C82E /* PasscodeView.xib in Resources */,
				D91528D01A1932E5009A15B1 /* Main.storyboard in Resources */,
				D91528D51A1932E5009A15B1 /* LaunchScreen.xib in Resources */,
				D91528D21A1932E5009A15B1 /* Images.xcassets in Resources */,
				D9319A5B1A1B1B7B009D2569 /* PasscodeLock.strings in Resources */,
			);
			runOnlyForDeploymentPostprocessing = 0;
		};
		D91528D81A1932E5009A15B1 /* Resources */ = {
			isa = PBXResourcesBuildPhase;
			buildActionMask = 2147483647;
			files = (
				D9FFD0CE1A28559B0043C82E /* PasscodeView.xib in Resources */,
				D9319A5C1A1B1B7B009D2569 /* PasscodeLock.strings in Resources */,
			);
			runOnlyForDeploymentPostprocessing = 0;
		};
/* End PBXResourcesBuildPhase section */

/* Begin PBXSourcesBuildPhase section */
		D91528C11A1932E5009A15B1 /* Sources */ = {
			isa = PBXSourcesBuildPhase;
			buildActionMask = 2147483647;
			files = (
				D9FFD0AF1A2855600043C82E /* SetPasscodeState.swift in Sources */,
				D9319A781A1B3B96009D2569 /* KeychainQuery.swift in Sources */,
				D9319A761A1B3B96009D2569 /* KeychainItem.swift in Sources */,
				C26E8D3E1B80729D00BFCF6C /* PasscodeNSUserDefaultsRepository.swift in Sources */,
				D9319A741A1B3B96009D2569 /* Keychain.swift in Sources */,
				D9FFD0BB1A28557F0043C82E /* PasscodeKeychainRepository.swift in Sources */,
				D9FFD0C91A28559B0043C82E /* PasscodeButton.swift in Sources */,
				D9FFD0C71A28559B0043C82E /* LockSplashView.swift in Sources */,
				D9FFD0A71A2855600043C82E /* ChangePasscodeState.swift in Sources */,
				D9FFD0AB1A2855600043C82E /* EnterPasscodeState.swift in Sources */,
				D9FFD0A91A2855600043C82E /* ConfirmPasscodeState.swift in Sources */,
				D9FFD0B81A28556F0043C82E /* PasscodeLockPresenter.swift in Sources */,
				D9FFD0B41A28556F0043C82E /* GenericPasscodeLock.swift in Sources */,
				D9FFD0BF1A28558B0043C82E /* PasscodeViewController.swift in Sources */,
				D9FFD0AD1A2855600043C82E /* PasscodesMismatchState.swift in Sources */,
				D9319A701A1B3B96009D2569 /* ArchiveKey.swift in Sources */,
				D9FFD0B61A28556F0043C82E /* PasscodeLock.swift in Sources */,
				D9319A721A1B3B96009D2569 /* GenericKey.swift in Sources */,
				D9FFD0CB1A28559B0043C82E /* PasscodePlaceholderView.swift in Sources */,
				D9FFD0C11A28558B0043C82E /* ViewController.swift in Sources */,
				D9319A7A1A1B3B96009D2569 /* KeychainService.swift in Sources */,
				D91528CB1A1932E5009A15B1 /* AppDelegate.swift in Sources */,
			);
			runOnlyForDeploymentPostprocessing = 0;
		};
		D91528D61A1932E5009A15B1 /* Sources */ = {
			isa = PBXSourcesBuildPhase;
			buildActionMask = 2147483647;
			files = (
				D9FFD0B71A28556F0043C82E /* PasscodeLock.swift in Sources */,
				D9319A791A1B3B96009D2569 /* KeychainQuery.swift in Sources */,
				D9FFD0A81A2855600043C82E /* ChangePasscodeState.swift in Sources */,
				C26E8D411B80750A00BFCF6C /* PasscodeNSUserDefaultsRepository.swift in Sources */,
				D9FFD0B01A2855600043C82E /* SetPasscodeState.swift in Sources */,
				C26E8D401B8074C200BFCF6C /* PasscodeNSUserDefaultsRepositoryTests.swift in Sources */,
				D92E340D1A274117005DBAA0 /* PasscodeKeychainRepositoryTests.swift in Sources */,
				D9FFD0B91A28556F0043C82E /* PasscodeLockPresenter.swift in Sources */,
				D92E34171A284C6C005DBAA0 /* ConfirmPasscodeStateTests.swift in Sources */,
				D92E341B1A2852B2005DBAA0 /* PasscodesMismatchStateTests.swift in Sources */,
				D9319A771A1B3B96009D2569 /* KeychainItem.swift in Sources */,
				D9FFD0AC1A2855600043C82E /* EnterPasscodeState.swift in Sources */,
				D9FFD0AA1A2855600043C82E /* ConfirmPasscodeState.swift in Sources */,
				D9319A711A1B3B96009D2569 /* ArchiveKey.swift in Sources */,
				D9FFD0BC1A28557F0043C82E /* PasscodeKeychainRepository.swift in Sources */,
				D9FFD0AE1A2855600043C82E /* PasscodesMismatchState.swift in Sources */,
				D9319A731A1B3B96009D2569 /* GenericKey.swift in Sources */,
				D9FFD0B51A28556F0043C82E /* GenericPasscodeLock.swift in Sources */,
				D92E34191A2850FD005DBAA0 /* ChangePasscodeStateTests.swift in Sources */,
				D9319A751A1B3B96009D2569 /* Keychain.swift in Sources */,
				D9319A7B1A1B3B96009D2569 /* KeychainService.swift in Sources */,
				D92E34071A2714D5005DBAA0 /* GenericPasscodeLockTests.swift in Sources */,
				D92E34151A284194005DBAA0 /* SetPasscodeStateTests.swift in Sources */,
				D92E340B1A272F70005DBAA0 /* EnterPasscodeStateTests.swift in Sources */,
			);
			runOnlyForDeploymentPostprocessing = 0;
		};
/* End PBXSourcesBuildPhase section */

/* Begin PBXTargetDependency section */
		D91528DC1A1932E5009A15B1 /* PBXTargetDependency */ = {
			isa = PBXTargetDependency;
			target = D91528C41A1932E5009A15B1 /* SwiftPasscodeLock */;
			targetProxy = D91528DB1A1932E5009A15B1 /* PBXContainerItemProxy */;
		};
/* End PBXTargetDependency section */

/* Begin PBXVariantGroup section */
		D91528CE1A1932E5009A15B1 /* Main.storyboard */ = {
			isa = PBXVariantGroup;
			children = (
				D91528CF1A1932E5009A15B1 /* Base */,
			);
			name = Main.storyboard;
			sourceTree = "<group>";
		};
		D91528D31A1932E5009A15B1 /* LaunchScreen.xib */ = {
			isa = PBXVariantGroup;
			children = (
				D91528D41A1932E5009A15B1 /* Base */,
			);
			name = LaunchScreen.xib;
			sourceTree = "<group>";
		};
		D9319A591A1B1B7B009D2569 /* PasscodeLock.strings */ = {
			isa = PBXVariantGroup;
			children = (
				D9319A5A1A1B1B7B009D2569 /* en */,
			);
			name = PasscodeLock.strings;
			sourceTree = "<group>";
		};
/* End PBXVariantGroup section */

/* Begin XCBuildConfiguration section */
		D91528E21A1932E5009A15B1 /* Debug */ = {
			isa = XCBuildConfiguration;
			buildSettings = {
				ALWAYS_SEARCH_USER_PATHS = NO;
				CLANG_CXX_LANGUAGE_STANDARD = "gnu++0x";
				CLANG_CXX_LIBRARY = "libc++";
				CLANG_ENABLE_MODULES = YES;
				CLANG_ENABLE_OBJC_ARC = YES;
				CLANG_WARN_BOOL_CONVERSION = YES;
				CLANG_WARN_CONSTANT_CONVERSION = YES;
				CLANG_WARN_DIRECT_OBJC_ISA_USAGE = YES_ERROR;
				CLANG_WARN_EMPTY_BODY = YES;
				CLANG_WARN_ENUM_CONVERSION = YES;
				CLANG_WARN_INT_CONVERSION = YES;
				CLANG_WARN_OBJC_ROOT_CLASS = YES_ERROR;
				CLANG_WARN_UNREACHABLE_CODE = YES;
				CLANG_WARN__DUPLICATE_METHOD_MATCH = YES;
				"CODE_SIGN_IDENTITY[sdk=iphoneos*]" = "iPhone Developer";
				COPY_PHASE_STRIP = NO;
				ENABLE_STRICT_OBJC_MSGSEND = YES;
				GCC_C_LANGUAGE_STANDARD = gnu99;
				GCC_DYNAMIC_NO_PIC = NO;
				GCC_OPTIMIZATION_LEVEL = 0;
				GCC_PREPROCESSOR_DEFINITIONS = (
					"DEBUG=1",
					"$(inherited)",
				);
				GCC_SYMBOLS_PRIVATE_EXTERN = NO;
				GCC_WARN_64_TO_32_BIT_CONVERSION = YES;
				GCC_WARN_ABOUT_RETURN_TYPE = YES_ERROR;
				GCC_WARN_UNDECLARED_SELECTOR = YES;
				GCC_WARN_UNINITIALIZED_AUTOS = YES_AGGRESSIVE;
				GCC_WARN_UNUSED_FUNCTION = YES;
				GCC_WARN_UNUSED_VARIABLE = YES;
				IPHONEOS_DEPLOYMENT_TARGET = 8.1;
				MTL_ENABLE_DEBUG_INFO = YES;
				ONLY_ACTIVE_ARCH = YES;
				SDKROOT = iphoneos;
				SWIFT_OPTIMIZATION_LEVEL = "-Onone";
				TARGETED_DEVICE_FAMILY = "1,2";
			};
			name = Debug;
		};
		D91528E31A1932E5009A15B1 /* Release */ = {
			isa = XCBuildConfiguration;
			buildSettings = {
				ALWAYS_SEARCH_USER_PATHS = NO;
				CLANG_CXX_LANGUAGE_STANDARD = "gnu++0x";
				CLANG_CXX_LIBRARY = "libc++";
				CLANG_ENABLE_MODULES = YES;
				CLANG_ENABLE_OBJC_ARC = YES;
				CLANG_WARN_BOOL_CONVERSION = YES;
				CLANG_WARN_CONSTANT_CONVERSION = YES;
				CLANG_WARN_DIRECT_OBJC_ISA_USAGE = YES_ERROR;
				CLANG_WARN_EMPTY_BODY = YES;
				CLANG_WARN_ENUM_CONVERSION = YES;
				CLANG_WARN_INT_CONVERSION = YES;
				CLANG_WARN_OBJC_ROOT_CLASS = YES_ERROR;
				CLANG_WARN_UNREACHABLE_CODE = YES;
				CLANG_WARN__DUPLICATE_METHOD_MATCH = YES;
				"CODE_SIGN_IDENTITY[sdk=iphoneos*]" = "iPhone Developer";
				COPY_PHASE_STRIP = YES;
				ENABLE_NS_ASSERTIONS = NO;
				ENABLE_STRICT_OBJC_MSGSEND = YES;
				GCC_C_LANGUAGE_STANDARD = gnu99;
				GCC_WARN_64_TO_32_BIT_CONVERSION = YES;
				GCC_WARN_ABOUT_RETURN_TYPE = YES_ERROR;
				GCC_WARN_UNDECLARED_SELECTOR = YES;
				GCC_WARN_UNINITIALIZED_AUTOS = YES_AGGRESSIVE;
				GCC_WARN_UNUSED_FUNCTION = YES;
				GCC_WARN_UNUSED_VARIABLE = YES;
				IPHONEOS_DEPLOYMENT_TARGET = 8.1;
				MTL_ENABLE_DEBUG_INFO = NO;
				SDKROOT = iphoneos;
				TARGETED_DEVICE_FAMILY = "1,2";
				VALIDATE_PRODUCT = YES;
			};
			name = Release;
		};
		D91528E51A1932E5009A15B1 /* Debug */ = {
			isa = XCBuildConfiguration;
			buildSettings = {
				ASSETCATALOG_COMPILER_APPICON_NAME = AppIcon;
				INFOPLIST_FILE = SwiftPasscodeLock/Info.plist;
				LD_RUNPATH_SEARCH_PATHS = "$(inherited) @executable_path/Frameworks";
				PRODUCT_NAME = "$(TARGET_NAME)";
			};
			name = Debug;
		};
		D91528E61A1932E5009A15B1 /* Release */ = {
			isa = XCBuildConfiguration;
			buildSettings = {
				ASSETCATALOG_COMPILER_APPICON_NAME = AppIcon;
				INFOPLIST_FILE = SwiftPasscodeLock/Info.plist;
				LD_RUNPATH_SEARCH_PATHS = "$(inherited) @executable_path/Frameworks";
				PRODUCT_NAME = "$(TARGET_NAME)";
			};
			name = Release;
		};
		D91528E81A1932E5009A15B1 /* Debug */ = {
			isa = XCBuildConfiguration;
			buildSettings = {
				BUNDLE_LOADER = "$(TEST_HOST)";
				FRAMEWORK_SEARCH_PATHS = (
					"$(SDKROOT)/Developer/Library/Frameworks",
					"$(inherited)",
				);
				GCC_PREPROCESSOR_DEFINITIONS = (
					"DEBUG=1",
					"$(inherited)",
				);
				INFOPLIST_FILE = SwiftPasscodeLockTests/Info.plist;
				LD_RUNPATH_SEARCH_PATHS = "$(inherited) @executable_path/Frameworks @loader_path/Frameworks";
				PRODUCT_NAME = "$(TARGET_NAME)";
				TEST_HOST = "$(BUILT_PRODUCTS_DIR)/SwiftPasscodeLock.app/SwiftPasscodeLock";
			};
			name = Debug;
		};
		D91528E91A1932E5009A15B1 /* Release */ = {
			isa = XCBuildConfiguration;
			buildSettings = {
				BUNDLE_LOADER = "$(TEST_HOST)";
				FRAMEWORK_SEARCH_PATHS = (
					"$(SDKROOT)/Developer/Library/Frameworks",
					"$(inherited)",
				);
				INFOPLIST_FILE = SwiftPasscodeLockTests/Info.plist;
				LD_RUNPATH_SEARCH_PATHS = "$(inherited) @executable_path/Frameworks @loader_path/Frameworks";
				PRODUCT_NAME = "$(TARGET_NAME)";
				TEST_HOST = "$(BUILT_PRODUCTS_DIR)/SwiftPasscodeLock.app/SwiftPasscodeLock";
			};
			name = Release;
		};
/* End XCBuildConfiguration section */

/* Begin XCConfigurationList section */
		D91528C01A1932E5009A15B1 /* Build configuration list for PBXProject "SwiftPasscodeLock" */ = {
			isa = XCConfigurationList;
			buildConfigurations = (
				D91528E21A1932E5009A15B1 /* Debug */,
				D91528E31A1932E5009A15B1 /* Release */,
			);
			defaultConfigurationIsVisible = 0;
			defaultConfigurationName = Release;
		};
		D91528E41A1932E5009A15B1 /* Build configuration list for PBXNativeTarget "SwiftPasscodeLock" */ = {
			isa = XCConfigurationList;
			buildConfigurations = (
				D91528E51A1932E5009A15B1 /* Debug */,
				D91528E61A1932E5009A15B1 /* Release */,
			);
			defaultConfigurationIsVisible = 0;
			defaultConfigurationName = Release;
		};
		D91528E71A1932E5009A15B1 /* Build configuration list for PBXNativeTarget "SwiftPasscodeLockTests" */ = {
			isa = XCConfigurationList;
			buildConfigurations = (
				D91528E81A1932E5009A15B1 /* Debug */,
				D91528E91A1932E5009A15B1 /* Release */,
			);
			defaultConfigurationIsVisible = 0;
			defaultConfigurationName = Release;
		};
/* End XCConfigurationList section */
	};
	rootObject = D91528BD1A1932E5009A15B1 /* Project object */;
}
